Microsoft Visual Studio Solution File, Format Version 12.00
# Visual Studio Version 17
VisualStudioVersion = 17.11.35327.3
MinimumVisualStudioVersion = 10.0.40219.1
Project("{8BC9CEB8-8B4A-11D0-8D11-00A0C91BC942}") = "in_NotSoFatso", "in_NotSoFatso.vcxproj", "{23F5A2AC-7A19-4FFF-98DD-06C61437D3D3}"
EndProject
Global
	GlobalSection(SolutionConfigurationPlatforms) = preSolution
		Debug|x86 = Debug|x86
		Release|x86 = Release|x86
	EndGlobalSection
	GlobalSection(ProjectConfigurationPlatforms) = postSolution
		{23F5A2AC-7A19-4FFF-98DD-06C61437D3D3}.Debug|x86.ActiveCfg = Debug|Win32
		{23F5A2AC-7A19-4FFF-98DD-06C61437D3D3}.Debug|x86.Build.0 = Debug|Win32
		{23F5A2AC-7A19-4FFF-98DD-06C61437D3D3}.Release|x86.ActiveCfg = Release|Win32
		{23F5A2AC-7A19-4FFF-98DD-06C61437D3D3}.Release|x86.Build.0 = Release|Win32
	EndGlobalSection
	GlobalSection(SolutionProperties) = preSolution
		HideSolutionNode = FALSE
	EndGlobalSection
	GlobalSection(ExtensibilityGlobals) = postSolution
		SolutionGuid = {9D42444D-74A4-48EA-A164-9B529BDBA4AB}
	EndGlobalSection
EndGlobal
